
Microsoft Visual Studio Solution File, Format Version 12.00
# Visual Studio Version 17
VisualStudioVersion = 17.7.34031.279
MinimumVisualStudioVersion = 10.0.40219.1
Project("{FAE04EC0-301F-11D3-BF4B-00C04F79EFBC}") = "01. Climb The Peaks", "C# Advanced Retake Exam – 14 December 2022\01. Climb The Peaks.csproj", "{40DAC4C8-D27B-49CD-A8EB-AA28C50F07CF}"
EndProject
Project("{FAE04EC0-301F-11D3-BF4B-00C04F79EFBC}") = "02. Navy Battle", "02. Navy Battle\02. Navy Battle.csproj", "{F1B6F551-DDF2-4690-B0D0-28EA0B698D6C}"
EndProject
Project("{FAE04EC0-301F-11D3-BF4B-00C04F79EFBC}") = "03. Shoe Store", "03. Shoe Store\03. Shoe Store.csproj", "{8A71118A-149A-412F-AF61-C6A9BE5DE9AF}"
EndProject
Global
	GlobalSection(SolutionConfigurationPlatforms) = preSolution
		Debug|Any CPU = Debug|Any CPU
		Release|Any CPU = Release|Any CPU
	EndGlobalSection
	GlobalSection(ProjectConfigurationPlatforms) = postSolution
		{40DAC4C8-D27B-49CD-A8EB-AA28C50F07CF}.Debug|Any CPU.ActiveCfg = Debug|Any CPU
		{40DAC4C8-D27B-49CD-A8EB-AA28C50F07CF}.Debug|Any CPU.Build.0 = Debug|Any CPU
		{40DAC4C8-D27B-49CD-A8EB-AA28C50F07CF}.Release|Any CPU.ActiveCfg = Release|Any CPU
		{40DAC4C8-D27B-49CD-A8EB-AA28C50F07CF}.Release|Any CPU.Build.0 = Release|Any CPU
		{F1B6F551-DDF2-4690-B0D0-28EA0B698D6C}.Debug|Any CPU.ActiveCfg = Debug|Any CPU
		{F1B6F551-DDF2-4690-B0D0-28EA0B698D6C}.Debug|Any CPU.Build.0 = Debug|Any CPU
		{F1B6F551-DDF2-4690-B0D0-28EA0B698D6C}.Release|Any CPU.ActiveCfg = Release|Any CPU
		{F1B6F551-DDF2-4690-B0D0-28EA0B698D6C}.Release|Any CPU.Build.0 = Release|Any CPU
		{8A71118A-149A-412F-AF61-C6A9BE5DE9AF}.Debug|Any CPU.ActiveCfg = Debug|Any CPU
		{8A71118A-149A-412F-AF61-C6A9BE5DE9AF}.Debug|Any CPU.Build.0 = Debug|Any CPU
		{8A71118A-149A-412F-AF61-C6A9BE5DE9AF}.Release|Any CPU.ActiveCfg = Release|Any CPU
		{8A71118A-149A-412F-AF61-C6A9BE5DE9AF}.Release|Any CPU.Build.0 = Release|Any CPU
	EndGlobalSection
	GlobalSection(SolutionProperties) = preSolution
		HideSolutionNode = FALSE
	EndGlobalSection
	GlobalSection(ExtensibilityGlobals) = postSolution
		SolutionGuid = {8D216E2E-077E-481B-BAD6-0D3053AF2E27}
	EndGlobalSection
EndGlobal
