
Microsoft Visual Studio Solution File, Format Version 12.00
# Visual Studio Version 16
VisualStudioVersion = 16.0.32802.440
MinimumVisualStudioVersion = 10.0.40219.1
Project("{FAE04EC0-301F-11D3-BF4B-00C04F79EFBC}") = "01. Read Text", "01. Read Text\01. Read Text.csproj", "{B636F595-4AFC-4559-97B1-A5452DB7D0D2}"
EndProject
Project("{FAE04EC0-301F-11D3-BF4B-00C04F79EFBC}") = "02. Password", "02. Password\02. Password.csproj", "{6C7B3868-8CD7-4045-845C-6FFF13647A89}"
EndProject
Project("{FAE04EC0-301F-11D3-BF4B-00C04F79EFBC}") = "03. Sum Numbers", "03. Sum Numbers\03. Sum Numbers.csproj", "{12DAFAAD-E85C-4564-B045-D70E50B713CA}"
EndProject
Project("{FAE04EC0-301F-11D3-BF4B-00C04F79EFBC}") = "04. Sequence 2k+1", "04. Sequence 2k+1\04. Sequence 2k+1.csproj", "{CDC960CC-7509-49AA-AAE7-5AF8C428E6C9}"
EndProject
Project("{FAE04EC0-301F-11D3-BF4B-00C04F79EFBC}") = "05. Account Balance", "05. Account Balance\05. Account Balance.csproj", "{51320589-43F8-4C7A-A911-6DC4454F06B3}"
EndProject
Project("{FAE04EC0-301F-11D3-BF4B-00C04F79EFBC}") = "06. Max Number", "06. Max Number\06. Max Number.csproj", "{4771842D-077C-4CBB-AEFD-B3BFB9798D7E}"
EndProject
Project("{FAE04EC0-301F-11D3-BF4B-00C04F79EFBC}") = "07. Min Number", "07. Min Number\07. Min Number.csproj", "{B30C7C29-0237-4CCA-9D32-AB5D380BC98F}"
EndProject
Project("{FAE04EC0-301F-11D3-BF4B-00C04F79EFBC}") = "08. Graduation", "08. Graduation\08. Graduation.csproj", "{7343B5F3-9294-4BCC-9F02-6D4AA70BD4D0}"
EndProject
Global
	GlobalSection(SolutionConfigurationPlatforms) = preSolution
		Debug|Any CPU = Debug|Any CPU
		Release|Any CPU = Release|Any CPU
	EndGlobalSection
	GlobalSection(ProjectConfigurationPlatforms) = postSolution
		{B636F595-4AFC-4559-97B1-A5452DB7D0D2}.Debug|Any CPU.ActiveCfg = Debug|Any CPU
		{B636F595-4AFC-4559-97B1-A5452DB7D0D2}.Debug|Any CPU.Build.0 = Debug|Any CPU
		{B636F595-4AFC-4559-97B1-A5452DB7D0D2}.Release|Any CPU.ActiveCfg = Release|Any CPU
		{B636F595-4AFC-4559-97B1-A5452DB7D0D2}.Release|Any CPU.Build.0 = Release|Any CPU
		{6C7B3868-8CD7-4045-845C-6FFF13647A89}.Debug|Any CPU.ActiveCfg = Debug|Any CPU
		{6C7B3868-8CD7-4045-845C-6FFF13647A89}.Debug|Any CPU.Build.0 = Debug|Any CPU
		{6C7B3868-8CD7-4045-845C-6FFF13647A89}.Release|Any CPU.ActiveCfg = Release|Any CPU
		{6C7B3868-8CD7-4045-845C-6FFF13647A89}.Release|Any CPU.Build.0 = Release|Any CPU
		{12DAFAAD-E85C-4564-B045-D70E50B713CA}.Debug|Any CPU.ActiveCfg = Debug|Any CPU
		{12DAFAAD-E85C-4564-B045-D70E50B713CA}.Debug|Any CPU.Build.0 = Debug|Any CPU
		{12DAFAAD-E85C-4564-B045-D70E50B713CA}.Release|Any CPU.ActiveCfg = Release|Any CPU
		{12DAFAAD-E85C-4564-B045-D70E50B713CA}.Release|Any CPU.Build.0 = Release|Any CPU
		{CDC960CC-7509-49AA-AAE7-5AF8C428E6C9}.Debug|Any CPU.ActiveCfg = Debug|Any CPU
		{CDC960CC-7509-49AA-AAE7-5AF8C428E6C9}.Debug|Any CPU.Build.0 = Debug|Any CPU
		{CDC960CC-7509-49AA-AAE7-5AF8C428E6C9}.Release|Any CPU.ActiveCfg = Release|Any CPU
		{CDC960CC-7509-49AA-AAE7-5AF8C428E6C9}.Release|Any CPU.Build.0 = Release|Any CPU
		{51320589-43F8-4C7A-A911-6DC4454F06B3}.Debug|Any CPU.ActiveCfg = Debug|Any CPU
		{51320589-43F8-4C7A-A911-6DC4454F06B3}.Debug|Any CPU.Build.0 = Debug|Any CPU
		{51320589-43F8-4C7A-A911-6DC4454F06B3}.Release|Any CPU.ActiveCfg = Release|Any CPU
		{51320589-43F8-4C7A-A911-6DC4454F06B3}.Release|Any CPU.Build.0 = Release|Any CPU
		{4771842D-077C-4CBB-AEFD-B3BFB9798D7E}.Debug|Any CPU.ActiveCfg = Debug|Any CPU
		{4771842D-077C-4CBB-AEFD-B3BFB9798D7E}.Debug|Any CPU.Build.0 = Debug|Any CPU
		{4771842D-077C-4CBB-AEFD-B3BFB9798D7E}.Release|Any CPU.ActiveCfg = Release|Any CPU
		{4771842D-077C-4CBB-AEFD-B3BFB9798D7E}.Release|Any CPU.Build.0 = Release|Any CPU
		{B30C7C29-0237-4CCA-9D32-AB5D380BC98F}.Debug|Any CPU.ActiveCfg = Debug|Any CPU
		{B30C7C29-0237-4CCA-9D32-AB5D380BC98F}.Debug|Any CPU.Build.0 = Debug|Any CPU
		{B30C7C29-0237-4CCA-9D32-AB5D380BC98F}.Release|Any CPU.ActiveCfg = Release|Any CPU
		{B30C7C29-0237-4CCA-9D32-AB5D380BC98F}.Release|Any CPU.Build.0 = Release|Any CPU
		{7343B5F3-9294-4BCC-9F02-6D4AA70BD4D0}.Debug|Any CPU.ActiveCfg = Debug|Any CPU
		{7343B5F3-9294-4BCC-9F02-6D4AA70BD4D0}.Debug|Any CPU.Build.0 = Debug|Any CPU
		{7343B5F3-9294-4BCC-9F02-6D4AA70BD4D0}.Release|Any CPU.ActiveCfg = Release|Any CPU
		{7343B5F3-9294-4BCC-9F02-6D4AA70BD4D0}.Release|Any CPU.Build.0 = Release|Any CPU
	EndGlobalSection
	GlobalSection(SolutionProperties) = preSolution
		HideSolutionNode = FALSE
	EndGlobalSection
	GlobalSection(ExtensibilityGlobals) = postSolution
		SolutionGuid = {496E657B-634E-4ECA-AB4A-B361BD24C679}
	EndGlobalSection
EndGlobal
