
Microsoft Visual Studio Solution File, Format Version 12.00
# Visual Studio Version 16
VisualStudioVersion = 16.0.32802.440
MinimumVisualStudioVersion = 10.0.40219.1
Project("{FAE04EC0-301F-11D3-BF4B-00C04F79EFBC}") = "01. Password Reset-STRING", "01. Password Reset\01. Password Reset-STRING.csproj", "{CBADFC3A-54DC-4139-8156-93286530F1BE}"
EndProject
Project("{FAE04EC0-301F-11D3-BF4B-00C04F79EFBC}") = "02. Mirror Words-REGEX", "02. Mirror Words\02. Mirror Words-REGEX.csproj", "{FEB79ECA-7726-4F23-9C2C-FDDA177799B0}"
EndProject
Project("{FAE04EC0-301F-11D3-BF4B-00C04F79EFBC}") = "03. P!rates-METHODS", "03. P!rates\03. P!rates-METHODS.csproj", "{C4FD0F11-0370-42AC-B366-3030869C4D89}"
EndProject
Project("{FAE04EC0-301F-11D3-BF4B-00C04F79EFBC}") = "04.The Imitation Game-STRING", "04.The Imitation Game\04.The Imitation Game-STRING.csproj", "{8F4CBA05-93B9-4CF1-943F-8C463BDBFB15}"
EndProject
Project("{FAE04EC0-301F-11D3-BF4B-00C04F79EFBC}") = "05.AdAstra", "05.AdAstra\05.AdAstra.csproj", "{F13599A4-5B84-4ECC-8214-9B23D02E8C6E}"
EndProject
Project("{FAE04EC0-301F-11D3-BF4B-00C04F79EFBC}") = "06.Plant DiscoveryMETHODS", "06.Plant Discovery\06.Plant DiscoveryMETHODS.csproj", "{B9EE1523-18B0-4A94-AC11-EA4AD176819C}"
EndProject
Project("{FAE04EC0-301F-11D3-BF4B-00C04F79EFBC}") = "07.Demo", "07.Demo\07.Demo.csproj", "{99346305-4352-45AB-A9D1-EEFA492BF4D0}"
EndProject
Project("{FAE04EC0-301F-11D3-BF4B-00C04F79EFBC}") = "08.Secret Chat", "08.Secret Chat\08.Secret Chat.csproj", "{A4833D48-47BE-4C04-82C0-9C4557C4EE20}"
EndProject
Project("{FAE04EC0-301F-11D3-BF4B-00C04F79EFBC}") = "09.Need for Speed III", "09.Need for Speed III\09.Need for Speed III.csproj", "{F0B84B9D-4F8B-430F-880A-AF06998DF2F1}"
EndProject
Project("{FAE04EC0-301F-11D3-BF4B-00C04F79EFBC}") = "11.Fancy Barcodes-REGEX", "11.Fancy Barcodes\11.Fancy Barcodes-REGEX.csproj", "{D1E77DD8-D8C0-44E0-8162-CFAF675639DF}"
EndProject
Project("{FAE04EC0-301F-11D3-BF4B-00C04F79EFBC}") = "11.Heroes of Code and Logic VII-METHODS", "11.Heroes of Code and Logic VII\11.Heroes of Code and Logic VII-METHODS.csproj", "{2E5D764D-A2E6-4F37-9F4E-59F8A8EB5704}"
EndProject
Project("{FAE04EC0-301F-11D3-BF4B-00C04F79EFBC}") = "12.Activation Keys-STRING", "12.Activation Keys-String\12.Activation Keys-STRING.csproj", "{6A243D2D-3528-48EB-8A81-EFBA7B69747D}"
EndProject
Global
	GlobalSection(SolutionConfigurationPlatforms) = preSolution
		Debug|Any CPU = Debug|Any CPU
		Release|Any CPU = Release|Any CPU
	EndGlobalSection
	GlobalSection(ProjectConfigurationPlatforms) = postSolution
		{CBADFC3A-54DC-4139-8156-93286530F1BE}.Debug|Any CPU.ActiveCfg = Debug|Any CPU
		{CBADFC3A-54DC-4139-8156-93286530F1BE}.Debug|Any CPU.Build.0 = Debug|Any CPU
		{CBADFC3A-54DC-4139-8156-93286530F1BE}.Release|Any CPU.ActiveCfg = Release|Any CPU
		{CBADFC3A-54DC-4139-8156-93286530F1BE}.Release|Any CPU.Build.0 = Release|Any CPU
		{FEB79ECA-7726-4F23-9C2C-FDDA177799B0}.Debug|Any CPU.ActiveCfg = Debug|Any CPU
		{FEB79ECA-7726-4F23-9C2C-FDDA177799B0}.Debug|Any CPU.Build.0 = Debug|Any CPU
		{FEB79ECA-7726-4F23-9C2C-FDDA177799B0}.Release|Any CPU.ActiveCfg = Release|Any CPU
		{FEB79ECA-7726-4F23-9C2C-FDDA177799B0}.Release|Any CPU.Build.0 = Release|Any CPU
		{C4FD0F11-0370-42AC-B366-3030869C4D89}.Debug|Any CPU.ActiveCfg = Debug|Any CPU
		{C4FD0F11-0370-42AC-B366-3030869C4D89}.Debug|Any CPU.Build.0 = Debug|Any CPU
		{C4FD0F11-0370-42AC-B366-3030869C4D89}.Release|Any CPU.ActiveCfg = Release|Any CPU
		{C4FD0F11-0370-42AC-B366-3030869C4D89}.Release|Any CPU.Build.0 = Release|Any CPU
		{8F4CBA05-93B9-4CF1-943F-8C463BDBFB15}.Debug|Any CPU.ActiveCfg = Debug|Any CPU
		{8F4CBA05-93B9-4CF1-943F-8C463BDBFB15}.Debug|Any CPU.Build.0 = Debug|Any CPU
		{8F4CBA05-93B9-4CF1-943F-8C463BDBFB15}.Release|Any CPU.ActiveCfg = Release|Any CPU
		{8F4CBA05-93B9-4CF1-943F-8C463BDBFB15}.Release|Any CPU.Build.0 = Release|Any CPU
		{F13599A4-5B84-4ECC-8214-9B23D02E8C6E}.Debug|Any CPU.ActiveCfg = Debug|Any CPU
		{F13599A4-5B84-4ECC-8214-9B23D02E8C6E}.Debug|Any CPU.Build.0 = Debug|Any CPU
		{F13599A4-5B84-4ECC-8214-9B23D02E8C6E}.Release|Any CPU.ActiveCfg = Release|Any CPU
		{F13599A4-5B84-4ECC-8214-9B23D02E8C6E}.Release|Any CPU.Build.0 = Release|Any CPU
		{B9EE1523-18B0-4A94-AC11-EA4AD176819C}.Debug|Any CPU.ActiveCfg = Debug|Any CPU
		{B9EE1523-18B0-4A94-AC11-EA4AD176819C}.Debug|Any CPU.Build.0 = Debug|Any CPU
		{B9EE1523-18B0-4A94-AC11-EA4AD176819C}.Release|Any CPU.ActiveCfg = Release|Any CPU
		{B9EE1523-18B0-4A94-AC11-EA4AD176819C}.Release|Any CPU.Build.0 = Release|Any CPU
		{99346305-4352-45AB-A9D1-EEFA492BF4D0}.Debug|Any CPU.ActiveCfg = Debug|Any CPU
		{99346305-4352-45AB-A9D1-EEFA492BF4D0}.Debug|Any CPU.Build.0 = Debug|Any CPU
		{99346305-4352-45AB-A9D1-EEFA492BF4D0}.Release|Any CPU.ActiveCfg = Release|Any CPU
		{99346305-4352-45AB-A9D1-EEFA492BF4D0}.Release|Any CPU.Build.0 = Release|Any CPU
		{A4833D48-47BE-4C04-82C0-9C4557C4EE20}.Debug|Any CPU.ActiveCfg = Debug|Any CPU
		{A4833D48-47BE-4C04-82C0-9C4557C4EE20}.Debug|Any CPU.Build.0 = Debug|Any CPU
		{A4833D48-47BE-4C04-82C0-9C4557C4EE20}.Release|Any CPU.ActiveCfg = Release|Any CPU
		{A4833D48-47BE-4C04-82C0-9C4557C4EE20}.Release|Any CPU.Build.0 = Release|Any CPU
		{F0B84B9D-4F8B-430F-880A-AF06998DF2F1}.Debug|Any CPU.ActiveCfg = Debug|Any CPU
		{F0B84B9D-4F8B-430F-880A-AF06998DF2F1}.Debug|Any CPU.Build.0 = Debug|Any CPU
		{F0B84B9D-4F8B-430F-880A-AF06998DF2F1}.Release|Any CPU.ActiveCfg = Release|Any CPU
		{F0B84B9D-4F8B-430F-880A-AF06998DF2F1}.Release|Any CPU.Build.0 = Release|Any CPU
		{D1E77DD8-D8C0-44E0-8162-CFAF675639DF}.Debug|Any CPU.ActiveCfg = Debug|Any CPU
		{D1E77DD8-D8C0-44E0-8162-CFAF675639DF}.Debug|Any CPU.Build.0 = Debug|Any CPU
		{D1E77DD8-D8C0-44E0-8162-CFAF675639DF}.Release|Any CPU.ActiveCfg = Release|Any CPU
		{D1E77DD8-D8C0-44E0-8162-CFAF675639DF}.Release|Any CPU.Build.0 = Release|Any CPU
		{2E5D764D-A2E6-4F37-9F4E-59F8A8EB5704}.Debug|Any CPU.ActiveCfg = Debug|Any CPU
		{2E5D764D-A2E6-4F37-9F4E-59F8A8EB5704}.Debug|Any CPU.Build.0 = Debug|Any CPU
		{2E5D764D-A2E6-4F37-9F4E-59F8A8EB5704}.Release|Any CPU.ActiveCfg = Release|Any CPU
		{2E5D764D-A2E6-4F37-9F4E-59F8A8EB5704}.Release|Any CPU.Build.0 = Release|Any CPU
		{6A243D2D-3528-48EB-8A81-EFBA7B69747D}.Debug|Any CPU.ActiveCfg = Debug|Any CPU
		{6A243D2D-3528-48EB-8A81-EFBA7B69747D}.Debug|Any CPU.Build.0 = Debug|Any CPU
		{6A243D2D-3528-48EB-8A81-EFBA7B69747D}.Release|Any CPU.ActiveCfg = Release|Any CPU
		{6A243D2D-3528-48EB-8A81-EFBA7B69747D}.Release|Any CPU.Build.0 = Release|Any CPU
	EndGlobalSection
	GlobalSection(SolutionProperties) = preSolution
		HideSolutionNode = FALSE
	EndGlobalSection
	GlobalSection(ExtensibilityGlobals) = postSolution
		SolutionGuid = {8E2338B9-7BBC-409F-B3EC-35FFE71353A6}
	EndGlobalSection
EndGlobal
