
Microsoft Visual Studio Solution File, Format Version 12.00
# Visual Studio Version 17
VisualStudioVersion = 17.7.34031.279
MinimumVisualStudioVersion = 10.0.40219.1
Project("{9A19103F-16F7-4668-BE54-9A1E7A4F7556}") = "MiniORM", "MiniORM\MiniORM.csproj", "{3C21A1A3-4903-40FC-9E50-CABEDAC57033}"
EndProject
Project("{9A19103F-16F7-4668-BE54-9A1E7A4F7556}") = "MiniORM.App", "MiniORM.App\MiniORM.App.csproj", "{08D31F45-6EC0-4CE9-A993-10DA08731B16}"
EndProject
Project("{FAE04EC0-301F-11D3-BF4B-00C04F79EFBC}") = "DBFirst", "DBFirst\DBFirst.csproj", "{49CC8FEA-72B8-4D25-ABCD-F2F05A779568}"
EndProject
Global
	GlobalSection(SolutionConfigurationPlatforms) = preSolution
		Debug|Any CPU = Debug|Any CPU
		Release|Any CPU = Release|Any CPU
	EndGlobalSection
	GlobalSection(ProjectConfigurationPlatforms) = postSolution
		{3C21A1A3-4903-40FC-9E50-CABEDAC57033}.Debug|Any CPU.ActiveCfg = Debug|Any CPU
		{3C21A1A3-4903-40FC-9E50-CABEDAC57033}.Debug|Any CPU.Build.0 = Debug|Any CPU
		{3C21A1A3-4903-40FC-9E50-CABEDAC57033}.Release|Any CPU.ActiveCfg = Release|Any CPU
		{3C21A1A3-4903-40FC-9E50-CABEDAC57033}.Release|Any CPU.Build.0 = Release|Any CPU
		{08D31F45-6EC0-4CE9-A993-10DA08731B16}.Debug|Any CPU.ActiveCfg = Debug|Any CPU
		{08D31F45-6EC0-4CE9-A993-10DA08731B16}.Debug|Any CPU.Build.0 = Debug|Any CPU
		{08D31F45-6EC0-4CE9-A993-10DA08731B16}.Release|Any CPU.ActiveCfg = Release|Any CPU
		{08D31F45-6EC0-4CE9-A993-10DA08731B16}.Release|Any CPU.Build.0 = Release|Any CPU
		{49CC8FEA-72B8-4D25-ABCD-F2F05A779568}.Debug|Any CPU.ActiveCfg = Debug|Any CPU
		{49CC8FEA-72B8-4D25-ABCD-F2F05A779568}.Debug|Any CPU.Build.0 = Debug|Any CPU
		{49CC8FEA-72B8-4D25-ABCD-F2F05A779568}.Release|Any CPU.ActiveCfg = Release|Any CPU
		{49CC8FEA-72B8-4D25-ABCD-F2F05A779568}.Release|Any CPU.Build.0 = Release|Any CPU
	EndGlobalSection
	GlobalSection(SolutionProperties) = preSolution
		HideSolutionNode = FALSE
	EndGlobalSection
	GlobalSection(ExtensibilityGlobals) = postSolution
		SolutionGuid = {2F42269E-1E61-4415-9641-30CF0D1CE1E4}
	EndGlobalSection
EndGlobal
