
Microsoft Visual Studio Solution File, Format Version 12.00
# Visual Studio Version 17
VisualStudioVersion = 17.10.35122.118
MinimumVisualStudioVersion = 10.0.40219.1
Project("{FAE04EC0-301F-11D3-BF4B-00C04F79EFBC}") = "CinemaApp.Web", "CinemaApp.Web\CinemaApp.Web.csproj", "{78BDEEDA-7EE6-4246-AFDA-6052A558EA24}"
EndProject
Project("{FAE04EC0-301F-11D3-BF4B-00C04F79EFBC}") = "CinemaApp.Web.ViewModels", "CinemaApp.Web.ViewModels\CinemaApp.Web.ViewModels.csproj", "{33B19001-58D9-4CF9-9A47-1AAE0637FDBB}"
EndProject
Global
	GlobalSection(SolutionConfigurationPlatforms) = preSolution
		Debug|Any CPU = Debug|Any CPU
		Release|Any CPU = Release|Any CPU
	EndGlobalSection
	GlobalSection(ProjectConfigurationPlatforms) = postSolution
		{78BDEEDA-7EE6-4246-AFDA-6052A558EA24}.Debug|Any CPU.ActiveCfg = Debug|Any CPU
		{78BDEEDA-7EE6-4246-AFDA-6052A558EA24}.Debug|Any CPU.Build.0 = Debug|Any CPU
		{78BDEEDA-7EE6-4246-AFDA-6052A558EA24}.Release|Any CPU.ActiveCfg = Release|Any CPU
		{78BDEEDA-7EE6-4246-AFDA-6052A558EA24}.Release|Any CPU.Build.0 = Release|Any CPU
		{33B19001-58D9-4CF9-9A47-1AAE0637FDBB}.Debug|Any CPU.ActiveCfg = Debug|Any CPU
		{33B19001-58D9-4CF9-9A47-1AAE0637FDBB}.Debug|Any CPU.Build.0 = Debug|Any CPU
		{33B19001-58D9-4CF9-9A47-1AAE0637FDBB}.Release|Any CPU.ActiveCfg = Release|Any CPU
		{33B19001-58D9-4CF9-9A47-1AAE0637FDBB}.Release|Any CPU.Build.0 = Release|Any CPU
	EndGlobalSection
	GlobalSection(SolutionProperties) = preSolution
		HideSolutionNode = FALSE
	EndGlobalSection
	GlobalSection(ExtensibilityGlobals) = postSolution
		SolutionGuid = {A8E402FA-E0BB-4E56-BCD8-E72E74D9E3F8}
	EndGlobalSection
EndGlobal
