
Microsoft Visual Studio Solution File, Format Version 12.00
# Visual Studio Version 16
VisualStudioVersion = 16.0.32802.440
MinimumVisualStudioVersion = 10.0.40219.1
Project("{FAE04EC0-301F-11D3-BF4B-00C04F79EFBC}") = "01. Day of Week", "Conditional Statements Advanced - Lab\01. Day of Week.csproj", "{135DC893-F93A-4DF0-A426-3EB80107E4C8}"
EndProject
Project("{FAE04EC0-301F-11D3-BF4B-00C04F79EFBC}") = "02.Weekend or Work", "02.Weekend or Work\02.Weekend or Work.csproj", "{C9198FCC-E039-46FC-9B56-F1B74DD513AF}"
EndProject
Project("{FAE04EC0-301F-11D3-BF4B-00C04F79EFBC}") = "03. Animal Type", "03. Animal Type\03. Animal Type.csproj", "{2AA0EE68-C0FA-42AF-9E13-6837C49FB364}"
EndProject
Project("{FAE04EC0-301F-11D3-BF4B-00C04F79EFBC}") = "04. Personal Titles", "04. Personal Titles\04. Personal Titles.csproj", "{81B7B1C2-8A6E-4778-85F5-9D981BA4B843}"
EndProject
Project("{FAE04EC0-301F-11D3-BF4B-00C04F79EFBC}") = "05. Small Shop", "05. Small Shop\05. Small Shop.csproj", "{31F9FBD0-C717-484F-862C-745AC27821C4}"
EndProject
Project("{FAE04EC0-301F-11D3-BF4B-00C04F79EFBC}") = "06. Number in Range", "06. Number in Range\06. Number in Range.csproj", "{C2C9AC6D-E8DA-41BC-818C-141906F0D4BF}"
EndProject
Project("{FAE04EC0-301F-11D3-BF4B-00C04F79EFBC}") = "07.Working Hours", "07.Working Hours\07.Working Hours.csproj", "{D3EC6F7D-EE91-49EE-8A4B-512146CB27D9}"
EndProject
Project("{FAE04EC0-301F-11D3-BF4B-00C04F79EFBC}") = "08.Cinema Ticket", "08.Cinema Ticket\08.Cinema Ticket.csproj", "{EAEECA1B-0A87-4D8A-A68A-9DB84B0F95D1}"
EndProject
Project("{FAE04EC0-301F-11D3-BF4B-00C04F79EFBC}") = "09. Fruit or Vegeta", "09. Fruit or Vegeta\09. Fruit or Vegeta.csproj", "{F185F6CB-6D62-407D-905C-696CFF39073E}"
EndProject
Project("{FAE04EC0-301F-11D3-BF4B-00C04F79EFBC}") = "10. Invalid Number", "10. Invalid Number\10. Invalid Number.csproj", "{0F59A34B-4C3E-4BC7-8B23-7CD178D11BF1}"
EndProject
Project("{FAE04EC0-301F-11D3-BF4B-00C04F79EFBC}") = "11. Fruit Shop", "11. Fruit Shop\11. Fruit Shop.csproj", "{A3DD10A6-FAF3-464C-9BB9-A44EE3E76FED}"
EndProject
Project("{FAE04EC0-301F-11D3-BF4B-00C04F79EFBC}") = "12. Trade Commiss", "12. Trade Commiss\12. Trade Commiss.csproj", "{E3086275-EBFC-4CC7-B118-B263C64780BD}"
EndProject
Global
	GlobalSection(SolutionConfigurationPlatforms) = preSolution
		Debug|Any CPU = Debug|Any CPU
		Release|Any CPU = Release|Any CPU
	EndGlobalSection
	GlobalSection(ProjectConfigurationPlatforms) = postSolution
		{135DC893-F93A-4DF0-A426-3EB80107E4C8}.Debug|Any CPU.ActiveCfg = Debug|Any CPU
		{135DC893-F93A-4DF0-A426-3EB80107E4C8}.Debug|Any CPU.Build.0 = Debug|Any CPU
		{135DC893-F93A-4DF0-A426-3EB80107E4C8}.Release|Any CPU.ActiveCfg = Release|Any CPU
		{135DC893-F93A-4DF0-A426-3EB80107E4C8}.Release|Any CPU.Build.0 = Release|Any CPU
		{C9198FCC-E039-46FC-9B56-F1B74DD513AF}.Debug|Any CPU.ActiveCfg = Debug|Any CPU
		{C9198FCC-E039-46FC-9B56-F1B74DD513AF}.Debug|Any CPU.Build.0 = Debug|Any CPU
		{C9198FCC-E039-46FC-9B56-F1B74DD513AF}.Release|Any CPU.ActiveCfg = Release|Any CPU
		{C9198FCC-E039-46FC-9B56-F1B74DD513AF}.Release|Any CPU.Build.0 = Release|Any CPU
		{2AA0EE68-C0FA-42AF-9E13-6837C49FB364}.Debug|Any CPU.ActiveCfg = Debug|Any CPU
		{2AA0EE68-C0FA-42AF-9E13-6837C49FB364}.Debug|Any CPU.Build.0 = Debug|Any CPU
		{2AA0EE68-C0FA-42AF-9E13-6837C49FB364}.Release|Any CPU.ActiveCfg = Release|Any CPU
		{2AA0EE68-C0FA-42AF-9E13-6837C49FB364}.Release|Any CPU.Build.0 = Release|Any CPU
		{81B7B1C2-8A6E-4778-85F5-9D981BA4B843}.Debug|Any CPU.ActiveCfg = Debug|Any CPU
		{81B7B1C2-8A6E-4778-85F5-9D981BA4B843}.Debug|Any CPU.Build.0 = Debug|Any CPU
		{81B7B1C2-8A6E-4778-85F5-9D981BA4B843}.Release|Any CPU.ActiveCfg = Release|Any CPU
		{81B7B1C2-8A6E-4778-85F5-9D981BA4B843}.Release|Any CPU.Build.0 = Release|Any CPU
		{31F9FBD0-C717-484F-862C-745AC27821C4}.Debug|Any CPU.ActiveCfg = Debug|Any CPU
		{31F9FBD0-C717-484F-862C-745AC27821C4}.Debug|Any CPU.Build.0 = Debug|Any CPU
		{31F9FBD0-C717-484F-862C-745AC27821C4}.Release|Any CPU.ActiveCfg = Release|Any CPU
		{31F9FBD0-C717-484F-862C-745AC27821C4}.Release|Any CPU.Build.0 = Release|Any CPU
		{C2C9AC6D-E8DA-41BC-818C-141906F0D4BF}.Debug|Any CPU.ActiveCfg = Debug|Any CPU
		{C2C9AC6D-E8DA-41BC-818C-141906F0D4BF}.Debug|Any CPU.Build.0 = Debug|Any CPU
		{C2C9AC6D-E8DA-41BC-818C-141906F0D4BF}.Release|Any CPU.ActiveCfg = Release|Any CPU
		{C2C9AC6D-E8DA-41BC-818C-141906F0D4BF}.Release|Any CPU.Build.0 = Release|Any CPU
		{D3EC6F7D-EE91-49EE-8A4B-512146CB27D9}.Debug|Any CPU.ActiveCfg = Debug|Any CPU
		{D3EC6F7D-EE91-49EE-8A4B-512146CB27D9}.Debug|Any CPU.Build.0 = Debug|Any CPU
		{D3EC6F7D-EE91-49EE-8A4B-512146CB27D9}.Release|Any CPU.ActiveCfg = Release|Any CPU
		{D3EC6F7D-EE91-49EE-8A4B-512146CB27D9}.Release|Any CPU.Build.0 = Release|Any CPU
		{EAEECA1B-0A87-4D8A-A68A-9DB84B0F95D1}.Debug|Any CPU.ActiveCfg = Debug|Any CPU
		{EAEECA1B-0A87-4D8A-A68A-9DB84B0F95D1}.Debug|Any CPU.Build.0 = Debug|Any CPU
		{EAEECA1B-0A87-4D8A-A68A-9DB84B0F95D1}.Release|Any CPU.ActiveCfg = Release|Any CPU
		{EAEECA1B-0A87-4D8A-A68A-9DB84B0F95D1}.Release|Any CPU.Build.0 = Release|Any CPU
		{F185F6CB-6D62-407D-905C-696CFF39073E}.Debug|Any CPU.ActiveCfg = Debug|Any CPU
		{F185F6CB-6D62-407D-905C-696CFF39073E}.Debug|Any CPU.Build.0 = Debug|Any CPU
		{F185F6CB-6D62-407D-905C-696CFF39073E}.Release|Any CPU.ActiveCfg = Release|Any CPU
		{F185F6CB-6D62-407D-905C-696CFF39073E}.Release|Any CPU.Build.0 = Release|Any CPU
		{0F59A34B-4C3E-4BC7-8B23-7CD178D11BF1}.Debug|Any CPU.ActiveCfg = Debug|Any CPU
		{0F59A34B-4C3E-4BC7-8B23-7CD178D11BF1}.Debug|Any CPU.Build.0 = Debug|Any CPU
		{0F59A34B-4C3E-4BC7-8B23-7CD178D11BF1}.Release|Any CPU.ActiveCfg = Release|Any CPU
		{0F59A34B-4C3E-4BC7-8B23-7CD178D11BF1}.Release|Any CPU.Build.0 = Release|Any CPU
		{A3DD10A6-FAF3-464C-9BB9-A44EE3E76FED}.Debug|Any CPU.ActiveCfg = Debug|Any CPU
		{A3DD10A6-FAF3-464C-9BB9-A44EE3E76FED}.Debug|Any CPU.Build.0 = Debug|Any CPU
		{A3DD10A6-FAF3-464C-9BB9-A44EE3E76FED}.Release|Any CPU.ActiveCfg = Release|Any CPU
		{A3DD10A6-FAF3-464C-9BB9-A44EE3E76FED}.Release|Any CPU.Build.0 = Release|Any CPU
		{E3086275-EBFC-4CC7-B118-B263C64780BD}.Debug|Any CPU.ActiveCfg = Debug|Any CPU
		{E3086275-EBFC-4CC7-B118-B263C64780BD}.Debug|Any CPU.Build.0 = Debug|Any CPU
		{E3086275-EBFC-4CC7-B118-B263C64780BD}.Release|Any CPU.ActiveCfg = Release|Any CPU
		{E3086275-EBFC-4CC7-B118-B263C64780BD}.Release|Any CPU.Build.0 = Release|Any CPU
	EndGlobalSection
	GlobalSection(SolutionProperties) = preSolution
		HideSolutionNode = FALSE
	EndGlobalSection
	GlobalSection(ExtensibilityGlobals) = postSolution
		SolutionGuid = {00262B0B-5668-42AE-A527-F3E446553265}
	EndGlobalSection
EndGlobal
