
Microsoft Visual Studio Solution File, Format Version 12.00
# Visual Studio Version 17
VisualStudioVersion = 17.7.34031.279
MinimumVisualStudioVersion = 10.0.40219.1
Project("{FAE04EC0-301F-11D3-BF4B-00C04F79EFBC}") = "MathHelper", "Testing\MathHelper.csproj", "{C0058B41-82C9-40AF-B037-BB6DF869FA0A}"
EndProject
Project("{FAE04EC0-301F-11D3-BF4B-00C04F79EFBC}") = "MathHelper.Tests", "MathHelper.Tersts\MathHelper.Tests.csproj", "{A500E7F9-1D29-4107-8F27-E0A83D56EDA6}"
EndProject
Global
	GlobalSection(SolutionConfigurationPlatforms) = preSolution
		Debug|Any CPU = Debug|Any CPU
		Release|Any CPU = Release|Any CPU
	EndGlobalSection
	GlobalSection(ProjectConfigurationPlatforms) = postSolution
		{C0058B41-82C9-40AF-B037-BB6DF869FA0A}.Debug|Any CPU.ActiveCfg = Debug|Any CPU
		{C0058B41-82C9-40AF-B037-BB6DF869FA0A}.Debug|Any CPU.Build.0 = Debug|Any CPU
		{C0058B41-82C9-40AF-B037-BB6DF869FA0A}.Release|Any CPU.ActiveCfg = Release|Any CPU
		{C0058B41-82C9-40AF-B037-BB6DF869FA0A}.Release|Any CPU.Build.0 = Release|Any CPU
		{A500E7F9-1D29-4107-8F27-E0A83D56EDA6}.Debug|Any CPU.ActiveCfg = Debug|Any CPU
		{A500E7F9-1D29-4107-8F27-E0A83D56EDA6}.Debug|Any CPU.Build.0 = Debug|Any CPU
		{A500E7F9-1D29-4107-8F27-E0A83D56EDA6}.Release|Any CPU.ActiveCfg = Release|Any CPU
		{A500E7F9-1D29-4107-8F27-E0A83D56EDA6}.Release|Any CPU.Build.0 = Release|Any CPU
	EndGlobalSection
	GlobalSection(SolutionProperties) = preSolution
		HideSolutionNode = FALSE
	EndGlobalSection
	GlobalSection(ExtensibilityGlobals) = postSolution
		SolutionGuid = {04D09AD6-A56A-480E-8251-AAF8AECA5CB1}
	EndGlobalSection
EndGlobal
