
Microsoft Visual Studio Solution File, Format Version 12.00
# Visual Studio Version 16
VisualStudioVersion = 16.0.32802.440
MinimumVisualStudioVersion = 10.0.40219.1
Project("{FAE04EC0-301F-11D3-BF4B-00C04F79EFBC}") = "Demo", "Demo\Demo.csproj", "{DDD95ED9-A9AF-475E-85BA-06CBAB3846EE}"
EndProject
Global
	GlobalSection(SolutionConfigurationPlatforms) = preSolution
		Debug|Any CPU = Debug|Any CPU
		Release|Any CPU = Release|Any CPU
	EndGlobalSection
	GlobalSection(ProjectConfigurationPlatforms) = postSolution
		{DDD95ED9-A9AF-475E-85BA-06CBAB3846EE}.Debug|Any CPU.ActiveCfg = Debug|Any CPU
		{DDD95ED9-A9AF-475E-85BA-06CBAB3846EE}.Debug|Any CPU.Build.0 = Debug|Any CPU
		{DDD95ED9-A9AF-475E-85BA-06CBAB3846EE}.Release|Any CPU.ActiveCfg = Release|Any CPU
		{DDD95ED9-A9AF-475E-85BA-06CBAB3846EE}.Release|Any CPU.Build.0 = Release|Any CPU
	EndGlobalSection
	GlobalSection(SolutionProperties) = preSolution
		HideSolutionNode = FALSE
	EndGlobalSection
	GlobalSection(ExtensibilityGlobals) = postSolution
		SolutionGuid = {1CD6C363-A2F8-4B3C-B4A9-58DD4DB5E9EC}
	EndGlobalSection
EndGlobal
