
Microsoft Visual Studio Solution File, Format Version 12.00
# Visual Studio Version 16
VisualStudioVersion = 16.0.32802.440
MinimumVisualStudioVersion = 10.0.40219.1
Project("{FAE04EC0-301F-11D3-BF4B-00C04F79EFBC}") = "01.Data Type Finder", "01.Data Type Finder\01.Data Type Finder.csproj", "{22DA9345-52EC-4AF0-8A0A-367D98A7C645}"
EndProject
Project("{FAE04EC0-301F-11D3-BF4B-00C04F79EFBC}") = "02. From", "02. From\02. From.csproj", "{EAAACE52-D2D3-42CC-A3C5-07F357115F7A}"
EndProject
Global
	GlobalSection(SolutionConfigurationPlatforms) = preSolution
		Debug|Any CPU = Debug|Any CPU
		Release|Any CPU = Release|Any CPU
	EndGlobalSection
	GlobalSection(ProjectConfigurationPlatforms) = postSolution
		{22DA9345-52EC-4AF0-8A0A-367D98A7C645}.Debug|Any CPU.ActiveCfg = Debug|Any CPU
		{22DA9345-52EC-4AF0-8A0A-367D98A7C645}.Debug|Any CPU.Build.0 = Debug|Any CPU
		{22DA9345-52EC-4AF0-8A0A-367D98A7C645}.Release|Any CPU.ActiveCfg = Release|Any CPU
		{22DA9345-52EC-4AF0-8A0A-367D98A7C645}.Release|Any CPU.Build.0 = Release|Any CPU
		{EAAACE52-D2D3-42CC-A3C5-07F357115F7A}.Debug|Any CPU.ActiveCfg = Debug|Any CPU
		{EAAACE52-D2D3-42CC-A3C5-07F357115F7A}.Debug|Any CPU.Build.0 = Debug|Any CPU
		{EAAACE52-D2D3-42CC-A3C5-07F357115F7A}.Release|Any CPU.ActiveCfg = Release|Any CPU
		{EAAACE52-D2D3-42CC-A3C5-07F357115F7A}.Release|Any CPU.Build.0 = Release|Any CPU
	EndGlobalSection
	GlobalSection(SolutionProperties) = preSolution
		HideSolutionNode = FALSE
	EndGlobalSection
	GlobalSection(ExtensibilityGlobals) = postSolution
		SolutionGuid = {4E6A5B86-973E-475B-A213-2CFDC6C54ADA}
	EndGlobalSection
EndGlobal
