
Microsoft Visual Studio Solution File, Format Version 12.00
# Visual Studio Version 16
VisualStudioVersion = 16.0.32802.440
MinimumVisualStudioVersion = 10.0.40219.1
Project("{FAE04EC0-301F-11D3-BF4B-00C04F79EFBC}") = "ConsoleApp1", "ConsoleApp1\ConsoleApp1.csproj", "{15146BDC-924C-4CB5-AF76-E72E13FFC481}"
EndProject
Global
	GlobalSection(SolutionConfigurationPlatforms) = preSolution
		Debug|Any CPU = Debug|Any CPU
		Release|Any CPU = Release|Any CPU
	EndGlobalSection
	GlobalSection(ProjectConfigurationPlatforms) = postSolution
		{15146BDC-924C-4CB5-AF76-E72E13FFC481}.Debug|Any CPU.ActiveCfg = Debug|Any CPU
		{15146BDC-924C-4CB5-AF76-E72E13FFC481}.Debug|Any CPU.Build.0 = Debug|Any CPU
		{15146BDC-924C-4CB5-AF76-E72E13FFC481}.Release|Any CPU.ActiveCfg = Release|Any CPU
		{15146BDC-924C-4CB5-AF76-E72E13FFC481}.Release|Any CPU.Build.0 = Release|Any CPU
	EndGlobalSection
	GlobalSection(SolutionProperties) = preSolution
		HideSolutionNode = FALSE
	EndGlobalSection
	GlobalSection(ExtensibilityGlobals) = postSolution
		SolutionGuid = {D40B1586-48C3-45F7-A3DE-C8A6E0D50AA7}
	EndGlobalSection
EndGlobal
